
Microsoft Visual Studio Solution File, Format Version 12.00
# Visual Studio 14
VisualStudioVersion = 14.0.23107.0
MinimumVisualStudioVersion = 10.0.40219.1
Project("{8BB2217D-0F2D-49D1-97BC-3654ED321F3B}") = "UnitTests", "UnitTests\UnitTests.xproj", "{594D3BE3-8464-424D-B434-0BF35BB709B4}"
	ProjectSection(ProjectDependencies) = postProject
		{E449D0E1-AEFE-4610-B506-72815C4D3570} = {E449D0E1-AEFE-4610-B506-72815C4D3570}
	EndProjectSection
EndProject
Project("{2150E333-8FDC-42A3-9474-1A3956D46DE8}") = "Solution Items", "Solution Items", "{0E33B96D-ADDA-46F8-8A73-323CC6A507D5}"
	ProjectSection(SolutionItems) = preProject
		JWT\global.json = JWT\global.json
	EndProjectSection
EndProject
Project("{8BB2217D-0F2D-49D1-97BC-3654ED321F3B}") = "jose-jwt", "jose-jwt\jose-jwt.xproj", "{E449D0E1-AEFE-4610-B506-72815C4D3570}"
EndProject
Global
	GlobalSection(SolutionConfigurationPlatforms) = preSolution
		Debug|Any CPU = Debug|Any CPU
		Release|Any CPU = Release|Any CPU
	EndGlobalSection
	GlobalSection(ProjectConfigurationPlatforms) = postSolution
		{594D3BE3-8464-424D-B434-0BF35BB709B4}.Debug|Any CPU.ActiveCfg = Debug|Any CPU
		{594D3BE3-8464-424D-B434-0BF35BB709B4}.Debug|Any CPU.Build.0 = Debug|Any CPU
		{594D3BE3-8464-424D-B434-0BF35BB709B4}.Release|Any CPU.ActiveCfg = Release|Any CPU
		{594D3BE3-8464-424D-B434-0BF35BB709B4}.Release|Any CPU.Build.0 = Release|Any CPU
		{E449D0E1-AEFE-4610-B506-72815C4D3570}.Debug|Any CPU.ActiveCfg = Debug|Any CPU
		{E449D0E1-AEFE-4610-B506-72815C4D3570}.Debug|Any CPU.Build.0 = Debug|Any CPU
		{E449D0E1-AEFE-4610-B506-72815C4D3570}.Release|Any CPU.ActiveCfg = Release|Any CPU
		{E449D0E1-AEFE-4610-B506-72815C4D3570}.Release|Any CPU.Build.0 = Release|Any CPU
	EndGlobalSection
	GlobalSection(SolutionProperties) = preSolution
		HideSolutionNode = FALSE
	EndGlobalSection
EndGlobal
