
Microsoft Visual Studio Solution File, Format Version 12.00
# Visual Studio 14
VisualStudioVersion = 14.0.25420.1
MinimumVisualStudioVersion = 10.0.40219.1
Project("{FAE04EC0-301F-11D3-BF4B-00C04F79EFBC}") = "jose-jwt.net46", "jose-jwt\jose-jwt.net46.csproj", "{C73A8F45-6583-43DB-B25E-FE30514441D4}"
EndProject
Project("{FAE04EC0-301F-11D3-BF4B-00C04F79EFBC}") = "UnitTestsNet46", "UnitTestsNet46\UnitTestsNet46.csproj", "{DA58DD81-3539-4F03-A08C-AF239451D8D7}"
EndProject
Global
	GlobalSection(SolutionConfigurationPlatforms) = preSolution
		Debug|Any CPU = Debug|Any CPU
		Release|Any CPU = Release|Any CPU
	EndGlobalSection
	GlobalSection(ProjectConfigurationPlatforms) = postSolution
		{C73A8F45-6583-43DB-B25E-FE30514441D4}.Debug|Any CPU.ActiveCfg = Debug|Any CPU
		{C73A8F45-6583-43DB-B25E-FE30514441D4}.Debug|Any CPU.Build.0 = Debug|Any CPU
		{C73A8F45-6583-43DB-B25E-FE30514441D4}.Release|Any CPU.ActiveCfg = Release|Any CPU
		{C73A8F45-6583-43DB-B25E-FE30514441D4}.Release|Any CPU.Build.0 = Release|Any CPU
		{DA58DD81-3539-4F03-A08C-AF239451D8D7}.Debug|Any CPU.ActiveCfg = Debug|Any CPU
		{DA58DD81-3539-4F03-A08C-AF239451D8D7}.Debug|Any CPU.Build.0 = Debug|Any CPU
		{DA58DD81-3539-4F03-A08C-AF239451D8D7}.Release|Any CPU.ActiveCfg = Release|Any CPU
		{DA58DD81-3539-4F03-A08C-AF239451D8D7}.Release|Any CPU.Build.0 = Release|Any CPU
	EndGlobalSection
	GlobalSection(SolutionProperties) = preSolution
		HideSolutionNode = FALSE
	EndGlobalSection
EndGlobal
