
Microsoft Visual Studio Solution File, Format Version 12.00
# Visual Studio Version 16
VisualStudioVersion = 16.0.30503.244
MinimumVisualStudioVersion = 10.0.40219.1
Project("{2150E333-8FDC-42A3-9474-1A3956D46DE8}") = "Solution Items", "Solution Items", "{0E33B96D-ADDA-46F8-8A73-323CC6A507D5}"
EndProject
Project("{9A19103F-16F7-4668-BE54-9A1E7A4F7556}") = "jose-jwt", "jose-jwt\jose-jwt.csproj", "{2D695F79-30E1-42B3-8020-108D49A5C65A}"
EndProject
Project("{9A19103F-16F7-4668-BE54-9A1E7A4F7556}") = "UnitTests", "UnitTests\UnitTests.csproj", "{C7F8AA04-BCFA-4DAE-8388-B5CF092314BA}"
EndProject
Global
	GlobalSection(SolutionConfigurationPlatforms) = preSolution
		Debug|Any CPU = Debug|Any CPU
		Release|Any CPU = Release|Any CPU
	EndGlobalSection
	GlobalSection(ProjectConfigurationPlatforms) = postSolution
		{2D695F79-30E1-42B3-8020-108D49A5C65A}.Debug|Any CPU.ActiveCfg = Debug|Any CPU
		{2D695F79-30E1-42B3-8020-108D49A5C65A}.Debug|Any CPU.Build.0 = Debug|Any CPU
		{2D695F79-30E1-42B3-8020-108D49A5C65A}.Release|Any CPU.ActiveCfg = Release|Any CPU
		{2D695F79-30E1-42B3-8020-108D49A5C65A}.Release|Any CPU.Build.0 = Release|Any CPU
		{C7F8AA04-BCFA-4DAE-8388-B5CF092314BA}.Debug|Any CPU.ActiveCfg = Debug|Any CPU
		{C7F8AA04-BCFA-4DAE-8388-B5CF092314BA}.Debug|Any CPU.Build.0 = Debug|Any CPU
		{C7F8AA04-BCFA-4DAE-8388-B5CF092314BA}.Release|Any CPU.ActiveCfg = Release|Any CPU
		{C7F8AA04-BCFA-4DAE-8388-B5CF092314BA}.Release|Any CPU.Build.0 = Release|Any CPU
	EndGlobalSection
	GlobalSection(SolutionProperties) = preSolution
		HideSolutionNode = FALSE
	EndGlobalSection
	GlobalSection(NestedProjects) = preSolution
		{C7F8AA04-BCFA-4DAE-8388-B5CF092314BA} = {0E33B96D-ADDA-46F8-8A73-323CC6A507D5}
	EndGlobalSection
	GlobalSection(ExtensibilityGlobals) = postSolution
		SolutionGuid = {257A3171-B229-4A09-ACB8-FE0F7E95B787}
	EndGlobalSection
EndGlobal
