
Microsoft Visual Studio Solution File, Format Version 12.00
# Visual Studio 15
VisualStudioVersion = 15.0.26730.15
MinimumVisualStudioVersion = 10.0.40219.1
Project("{9A19103F-16F7-4668-BE54-9A1E7A4F7556}") = "jose-jwt-netstandard20", "jose-jwt\jose-jwt-netstandard20.csproj", "{3C835F7F-E726-4803-9D8E-CA499961F31B}"
EndProject
Project("{9A19103F-16F7-4668-BE54-9A1E7A4F7556}") = "UnitTestsNetCore", "UnitTestsNetCore\UnitTestsNetCore.csproj", "{1670A229-F1EA-430D-A185-A292F6201A6A}"
EndProject
Global
	GlobalSection(SolutionConfigurationPlatforms) = preSolution
		Debug|Any CPU = Debug|Any CPU
		Release|Any CPU = Release|Any CPU
	EndGlobalSection
	GlobalSection(ProjectConfigurationPlatforms) = postSolution
		{3C835F7F-E726-4803-9D8E-CA499961F31B}.Debug|Any CPU.ActiveCfg = Debug|Any CPU
		{3C835F7F-E726-4803-9D8E-CA499961F31B}.Debug|Any CPU.Build.0 = Debug|Any CPU
		{3C835F7F-E726-4803-9D8E-CA499961F31B}.Release|Any CPU.ActiveCfg = Release|Any CPU
		{3C835F7F-E726-4803-9D8E-CA499961F31B}.Release|Any CPU.Build.0 = Release|Any CPU
		{1670A229-F1EA-430D-A185-A292F6201A6A}.Debug|Any CPU.ActiveCfg = Debug|Any CPU
		{1670A229-F1EA-430D-A185-A292F6201A6A}.Debug|Any CPU.Build.0 = Debug|Any CPU
		{1670A229-F1EA-430D-A185-A292F6201A6A}.Release|Any CPU.ActiveCfg = Release|Any CPU
		{1670A229-F1EA-430D-A185-A292F6201A6A}.Release|Any CPU.Build.0 = Release|Any CPU
	EndGlobalSection
	GlobalSection(SolutionProperties) = preSolution
		HideSolutionNode = FALSE
	EndGlobalSection
	GlobalSection(ExtensibilityGlobals) = postSolution
		SolutionGuid = {F7959387-15FF-4E4B-B3FF-EA26A17E9CF5}
	EndGlobalSection
EndGlobal
