
Microsoft Visual Studio Solution File, Format Version 12.00
# Visual Studio 14
VisualStudioVersion = 14.0.25420.1
MinimumVisualStudioVersion = 10.0.40219.1
Project("{FAE04EC0-301F-11D3-BF4B-00C04F79EFBC}") = "jose-jwt.net40", "jose-jwt\jose-jwt.net40.csproj", "{B7BAF1B4-91A0-4618-8364-815238220A54}"
EndProject
Project("{FAE04EC0-301F-11D3-BF4B-00C04F79EFBC}") = "UnitTestsNet40", "UnitTestsNet40\UnitTestsNet40.csproj", "{D92B6BD2-8083-4D9C-AB3F-5140419300A6}"
EndProject
Global
	GlobalSection(SolutionConfigurationPlatforms) = preSolution
		Debug|Any CPU = Debug|Any CPU
		Release|Any CPU = Release|Any CPU
	EndGlobalSection
	GlobalSection(ProjectConfigurationPlatforms) = postSolution
		{B7BAF1B4-91A0-4618-8364-815238220A54}.Debug|Any CPU.ActiveCfg = Debug|Any CPU
		{B7BAF1B4-91A0-4618-8364-815238220A54}.Debug|Any CPU.Build.0 = Debug|Any CPU
		{B7BAF1B4-91A0-4618-8364-815238220A54}.Release|Any CPU.ActiveCfg = Release|Any CPU
		{B7BAF1B4-91A0-4618-8364-815238220A54}.Release|Any CPU.Build.0 = Release|Any CPU
		{D92B6BD2-8083-4D9C-AB3F-5140419300A6}.Debug|Any CPU.ActiveCfg = Debug|Any CPU
		{D92B6BD2-8083-4D9C-AB3F-5140419300A6}.Debug|Any CPU.Build.0 = Debug|Any CPU
		{D92B6BD2-8083-4D9C-AB3F-5140419300A6}.Release|Any CPU.ActiveCfg = Release|Any CPU
		{D92B6BD2-8083-4D9C-AB3F-5140419300A6}.Release|Any CPU.Build.0 = Release|Any CPU
	EndGlobalSection
	GlobalSection(SolutionProperties) = preSolution
		HideSolutionNode = FALSE
	EndGlobalSection
EndGlobal
